<?xml version="1.0" encoding="UTF-8" standalone="yes" ?>
<CodeBlocks_project_file>
	<FileVersion major="1" minor="6" />
	<Project>
		<Option title="MechCmd2" />
		<Option pch_mode="2" />
		<Option compiler="gcc" />
		<Build>
			<Target title="Linux Release">
				<Option platforms="Unix;" />
				<Option output="MechCmd2" prefix_auto="1" extension_auto="1" />
				<Option type="0" />
				<Option compiler="gcc" />
				<Compiler>
					<Add directory="/home/decoder/Development/Projects/MechCommander2/Source/" />
				</Compiler>
			</Target>
			<Target title="Linux Debug">
				<Option platforms="Unix;" />
				<Option output="MechCmd2" prefix_auto="1" extension_auto="1" />
				<Option type="0" />
				<Option compiler="gcc" />
				<Compiler>
					<Add option="-g" />
					<Add directory="/home/decoder/Development/Projects/MechCommander2/Source/" />
				</Compiler>
			</Target>
		</Build>
		<Unit filename="AMSTRMID.LIB" />
		<Unit filename="Code/AttributeMeter.cpp" />
		<Unit filename="Code/AttributeMeter.h" />
		<Unit filename="Code/ChatWindow.cpp" />
		<Unit filename="Code/ChatWindow.h" />
		<Unit filename="Code/Collsn.cpp" />
		<Unit filename="Code/Collsn.h" />
		<Unit filename="Code/ComponentListBox.cpp" />
		<Unit filename="Code/ComponentListBox.h" />
		<Unit filename="Code/Contact.cpp" />
		<Unit filename="Code/ControlGui.h" />
		<Unit filename="Code/Dcollsn.h" />
		<Unit filename="Code/Delemntl.h" />
		<Unit filename="Code/Dgvehicl.h" />
		<Unit filename="Code/Dobjtype.h" />
		<Unit filename="Code/ForceGroupBar.cpp" />
		<Unit filename="Code/ForceGroupBar.h" />
		<Unit filename="Code/InfoWindow.cpp" />
		<Unit filename="Code/InfoWindow.h" />
		<Unit filename="Code/KeyboardRef.cpp" />
		<Unit filename="Code/KeyboardRef.h" />
		<Unit filename="Code/LoadScreen.cpp" />
		<Unit filename="Code/LoadScreen.h" />
		<Unit filename="Code/LogisticsComponent.cpp" />
		<Unit filename="Code/LogisticsComponent.h" />
		<Unit filename="Code/LogisticsData.cpp" />
		<Unit filename="Code/LogisticsData.h" />
		<Unit filename="Code/LogisticsDialog.cpp" />
		<Unit filename="Code/LogisticsDialog.h" />
		<Unit filename="Code/LogisticsErrors.h" />
		<Unit filename="Code/LogisticsMech.cpp" />
		<Unit filename="Code/LogisticsMech.h" />
		<Unit filename="Code/LogisticsMechDisplay.cpp" />
		<Unit filename="Code/LogisticsMechDisplay.h" />
		<Unit filename="Code/LogisticsMechIcon.cpp" />
		<Unit filename="Code/LogisticsMechIcon.h" />
		<Unit filename="Code/LogisticsMechListBox.h" />
		<Unit filename="Code/LogisticsMissionInfo.cpp" />
		<Unit filename="Code/LogisticsMissionInfo.h" />
		<Unit filename="Code/LogisticsPilot.cpp" />
		<Unit filename="Code/LogisticsPilot.h" />
		<Unit filename="Code/LogisticsPilotListBox.cpp" />
		<Unit filename="Code/LogisticsPilotListBox.h" />
		<Unit filename="Code/LogisticsVariant.cpp" />
		<Unit filename="Code/LogisticsVariant.h" />
		<Unit filename="Code/MPConnectionType.cpp" />
		<Unit filename="Code/MPConnectionType.h" />
		<Unit filename="Code/MPGameBrowser.cpp" />
		<Unit filename="Code/MPGameBrowser.h" />
		<Unit filename="Code/MPHostGame.cpp" />
		<Unit filename="Code/MPHostGame.h" />
		<Unit filename="Code/MPLoadMap.cpp" />
		<Unit filename="Code/MPLoadMap.h" />
		<Unit filename="Code/MPParameterScreen.cpp" />
		<Unit filename="Code/MPParameterScreen.h" />
		<Unit filename="Code/MPPrefs.h" />
		<Unit filename="Code/MPSetupArea.cpp" />
		<Unit filename="Code/MPSetupArea.h" />
		<Unit filename="Code/MPStats.cpp" />
		<Unit filename="Code/MPStats.h" />
		<Unit filename="Code/MainMenu.cpp" />
		<Unit filename="Code/MainMenu.h" />
		<Unit filename="Code/MechBayScreen.cpp" />
		<Unit filename="Code/MechBayScreen.h" />
		<Unit filename="Code/MechCmd2.cpp" />
		<Unit filename="Code/MechIcon.cpp" />
		<Unit filename="Code/MechIcon.h" />
		<Unit filename="Code/MechLabScreen.cpp" />
		<Unit filename="Code/MechLabScreen.h" />
		<Unit filename="Code/MechListBox.cpp" />
		<Unit filename="Code/MechListBox.h" />
		<Unit filename="Code/MechPurchaseScreen.cpp" />
		<Unit filename="Code/MechPurchaseScreen.h" />
		<Unit filename="Code/Mechlopedia.cpp" />
		<Unit filename="Code/MissionBegin.cpp" />
		<Unit filename="Code/MissionBegin.h" />
		<Unit filename="Code/MissionBriefingScreen.cpp" />
		<Unit filename="Code/MissionBriefingScreen.h" />
		<Unit filename="Code/MissionResults.cpp" />
		<Unit filename="Code/MissionResults.h" />
		<Unit filename="Code/MissionSelectionScreen.cpp" />
		<Unit filename="Code/MissionSelectionScreen.h" />
		<Unit filename="Code/Objective.cpp" />
		<Unit filename="Code/Objective.h" />
		<Unit filename="Code/Objtype.h" />
		<Unit filename="Code/OptionsArea.cpp" />
		<Unit filename="Code/OptionsArea.h" />
		<Unit filename="Code/OptionsScreenWrapper.cpp" />
		<Unit filename="Code/OptionsScreenWrapper.h" />
		<Unit filename="Code/PauseWindow.h" />
		<Unit filename="Code/PilotReadyScreen.cpp" />
		<Unit filename="Code/PilotReadyScreen.h" />
		<Unit filename="Code/PilotReviewArea.cpp" />
		<Unit filename="Code/PilotReviewArea.h" />
		<Unit filename="Code/SalvageMechArea.cpp" />
		<Unit filename="Code/SalvageMechArea.h" />
		<Unit filename="Code/SimpleComponentListBox.cpp" />
		<Unit filename="Code/SimpleComponentListBox.h" />
		<Unit filename="Code/Team.h" />
		<Unit filename="Code/ablmc2.cpp" />
		<Unit filename="Code/artlry.cpp" />
		<Unit filename="Code/artlry.h" />
		<Unit filename="Code/bldng.cpp" />
		<Unit filename="Code/bldng.h" />
		<Unit filename="Code/carnage.cpp" />
		<Unit filename="Code/carnage.h" />
		<Unit filename="Code/comndr.cpp" />
		<Unit filename="Code/comndr.h" />
		<Unit filename="Code/contact.h" />
		<Unit filename="Code/controlGui.cpp" />
		<Unit filename="Code/dartlry.h" />
		<Unit filename="Code/dbldng.h" />
		<Unit filename="Code/dcomndr.h" />
		<Unit filename="Code/dcontact.h" />
		<Unit filename="Code/dgameobj.h" />
		<Unit filename="Code/dgate.h" />
		<Unit filename="Code/dgoal.h" />
		<Unit filename="Code/dgroup.h" />
		<Unit filename="Code/dmech.h" />
		<Unit filename="Code/dmover.h" />
		<Unit filename="Code/dmultplyr.h" />
		<Unit filename="Code/dobjmgr.h" />
		<Unit filename="Code/dobjnum.h" />
		<Unit filename="Code/dradio.h" />
		<Unit filename="Code/dtacordr.h" />
		<Unit filename="Code/dteam.h" />
		<Unit filename="Code/dterrobj.h" />
		<Unit filename="Code/dw.cpp" />
		<Unit filename="Code/dwarrior.h" />
		<Unit filename="Code/dweaponbolt.h" />
		<Unit filename="Code/gameTacMap.cpp" />
		<Unit filename="Code/gameTacMap.h" />
		<Unit filename="Code/gamecam.cpp" />
		<Unit filename="Code/gamecam.h" />
		<Unit filename="Code/gameobj.cpp" />
		<Unit filename="Code/gameobj.h" />
		<Unit filename="Code/gamesound.cpp" />
		<Unit filename="Code/gamesound.h" />
		<Unit filename="Code/gate.cpp" />
		<Unit filename="Code/gate.h" />
		<Unit filename="Code/goal.cpp" />
		<Unit filename="Code/goal.h" />
		<Unit filename="Code/group.cpp" />
		<Unit filename="Code/group.h" />
		<Unit filename="Code/gvehicl.cpp" />
		<Unit filename="Code/gvehicl.h" />
		<Unit filename="Code/light.cpp" />
		<Unit filename="Code/light.h" />
		<Unit filename="Code/logistics.cpp" />
		<Unit filename="Code/logistics.h" />
		<Unit filename="Code/mc2movie.cpp" />
		<Unit filename="Code/mc2movie.h" />
		<Unit filename="Code/mech.cpp" />
		<Unit filename="Code/mech.h" />
		<Unit filename="Code/mechclass.h" />
		<Unit filename="Code/mechlopedia.h" />
		<Unit filename="Code/mission.cpp" />
		<Unit filename="Code/mission.h" />
		<Unit filename="Code/mission2.cpp" />
		<Unit filename="Code/missiongui.cpp" />
		<Unit filename="Code/missiongui.h" />
		<Unit filename="Code/movemgr.cpp" />
		<Unit filename="Code/movemgr.h" />
		<Unit filename="Code/mover.cpp" />
		<Unit filename="Code/mover.h" />
		<Unit filename="Code/mpprefs.cpp" />
		<Unit filename="Code/multplyr.cpp" />
		<Unit filename="Code/multplyr.h" />
		<Unit filename="Code/objmgr.cpp" />
		<Unit filename="Code/objmgr.h" />
		<Unit filename="Code/objtype.cpp" />
		<Unit filename="Code/pauseWindow.cpp" />
		<Unit filename="Code/prefs.cpp" />
		<Unit filename="Code/prefs.h" />
		<Unit filename="Code/radio.cpp" />
		<Unit filename="Code/radio.h" />
		<Unit filename="Code/saveload.cpp" />
		<Unit filename="Code/simpleCamera.cpp" />
		<Unit filename="Code/simpleCamera.h" />
		<Unit filename="Code/tacordr.cpp" />
		<Unit filename="Code/tacordr.h" />
		<Unit filename="Code/team.cpp" />
		<Unit filename="Code/terrobj.cpp" />
		<Unit filename="Code/terrobj.h" />
		<Unit filename="Code/trigger.cpp" />
		<Unit filename="Code/trigger.h" />
		<Unit filename="Code/turret.cpp" />
		<Unit filename="Code/turret.h" />
		<Unit filename="Code/unitdesg.h" />
		<Unit filename="Code/version.h" />
		<Unit filename="Code/warrior.cpp" />
		<Unit filename="Code/warrior.h" />
		<Unit filename="Code/weaponbolt.cpp" />
		<Unit filename="Code/weaponbolt.h" />
		<Unit filename="Code/weather.cpp" />
		<Unit filename="Code/weather.h" />
		<Unit filename="GUI/AANIM.CPP" />
		<Unit filename="GUI/AANIM.H" />
		<Unit filename="GUI/ABUTTON.CPP" />
		<Unit filename="GUI/ABUTTON.H" />
		<Unit filename="GUI/AFONT.CPP" />
		<Unit filename="GUI/AFONT.H" />
		<Unit filename="GUI/ALISTBOX.CPP" />
		<Unit filename="GUI/ALISTBOX.H" />
		<Unit filename="GUI/ASCROLL.CPP" />
		<Unit filename="GUI/ASCROLL.H" />
		<Unit filename="GUI/ASYSTEM.CPP" />
		<Unit filename="GUI/ASYSTEM.H" />
		<Unit filename="GUI/LogisticsScreen.cpp" />
		<Unit filename="GUI/LogisticsScreen.h" />
		<Unit filename="GUI/aAnimObject.cpp" />
		<Unit filename="GUI/aAnimObject.h" />
		<Unit filename="GUI/aEdit.cpp" />
		<Unit filename="GUI/aEdit.h" />
		<Unit filename="Icon.ico" />
		<Unit filename="MechCommander2.ico" />
		<Unit filename="Script1.rc" />
		<Unit filename="resource.h" />
		<Extensions>
			<code_completion>
				<search_path add="/home/decoder/Development/Projects/MechCommander2/Source/" />
			</code_completion>
			<debugger />
			<envvars />
		</Extensions>
	</Project>
</CodeBlocks_project_file>
